// !$*UTF8*$!
{
	archiveVersion = 1;
	classes = {
	};
	objectVersion = 56;
	objects = {

/* Begin PBXBuildFile section */
		33AB9B77296A555800E74C31 /* main.swift in Sources */ = {isa = PBXBuildFile; fileRef = 33C97F452969854700B4DFF0 /* main.swift */; };
		33AB9B7A296A557400E74C31 /* AsyncBluetooth in Frameworks */ = {isa = PBXBuildFile; productRef = 33AB9B79296A557400E74C31 /* AsyncBluetooth */; };
		33AB9B7C296A557400E74C31 /* AsyncTimeSequences in Frameworks */ = {isa = PBXBuildFile; productRef = 33AB9B7B296A557400E74C31 /* AsyncTimeSequences */; };
		33C97F462969854700B4DFF0 /* main.swift in Sources */ = {isa = PBXBuildFile; fileRef = 33C97F452969854700B4DFF0 /* main.swift */; };
		33C97F4E2969856B00B4DFF0 /* AsyncBluetooth in Frameworks */ = {isa = PBXBuildFile; productRef = 33C97F4D2969856B00B4DFF0 /* AsyncBluetooth */; };
		33C97F5129698C7700B4DFF0 /* AsyncTimeSequences in Frameworks */ = {isa = PBXBuildFile; productRef = 33C97F5029698C7700B4DFF0 /* AsyncTimeSequences */; };
/* End PBXBuildFile section */

/* Begin PBXCopyFilesBuildPhase section */
		33C97F402969854700B4DFF0 /* CopyFiles */ = {
			isa = PBXCopyFilesBuildPhase;
			buildActionMask = 2147483647;
			dstPath = /usr/share/man/man1/;
			dstSubfolderSpec = 0;
			files = (
			);
			runOnlyForDeploymentPostprocessing = 1;
		};
/* End PBXCopyFilesBuildPhase section */

/* Begin PBXFileReference section */
		33AB9B68296A54C400E74C31 /* BluetoothCheckLauncher.app */ = {isa = PBXFileReference; explicitFileType = wrapper.application; includeInIndex = 0; path = BluetoothCheckLauncher.app; sourceTree = BUILT_PRODUCTS_DIR; };
		33C97F422969854700B4DFF0 /* BluetoothCheck */ = {isa = PBXFileReference; explicitFileType = "compiled.mach-o.executable"; includeInIndex = 0; path = BluetoothCheck; sourceTree = BUILT_PRODUCTS_DIR; };
		33C97F452969854700B4DFF0 /* main.swift */ = {isa = PBXFileReference; lastKnownFileType = sourcecode.swift; path = main.swift; sourceTree = "<group>"; };
		33C97F66296A174C00B4DFF0 /* Info.plist */ = {isa = PBXFileReference; lastKnownFileType = text.plist.xml; path = Info.plist; sourceTree = SOURCE_ROOT; };
		33C97F67296A189D00B4DFF0 /* BluetoothCheck.entitlements */ = {isa = PBXFileReference; lastKnownFileType = text.plist.entitlements; path = BluetoothCheck.entitlements; sourceTree = "<group>"; };
/* End PBXFileReference section */

/* Begin PBXFrameworksBuildPhase section */
		33AB9B65296A54C400E74C31 /* Frameworks */ = {
			isa = PBXFrameworksBuildPhase;
			buildActionMask = 2147483647;
			files = (
				33AB9B7A296A557400E74C31 /* AsyncBluetooth in Frameworks */,
				33AB9B7C296A557400E74C31 /* AsyncTimeSequences in Frameworks */,
			);
			runOnlyForDeploymentPostprocessing = 0;
		};
		33C97F3F2969854700B4DFF0 /* Frameworks */ = {
			isa = PBXFrameworksBuildPhase;
			buildActionMask = 2147483647;
			files = (
				33C97F4E2969856B00B4DFF0 /* AsyncBluetooth in Frameworks */,
				33C97F5129698C7700B4DFF0 /* AsyncTimeSequences in Frameworks */,
			);
			runOnlyForDeploymentPostprocessing = 0;
		};
/* End PBXFrameworksBuildPhase section */

/* Begin PBXGroup section */
		33AB9B69296A54C400E74C31 /* BluetoothCheckLauncher */ = {
			isa = PBXGroup;
			children = (
			);
			path = BluetoothCheckLauncher;
			sourceTree = "<group>";
		};
		33AB9B78296A557400E74C31 /* Frameworks */ = {
			isa = PBXGroup;
			children = (
			);
			name = Frameworks;
			sourceTree = "<group>";
		};
		33C97F392969854700B4DFF0 = {
			isa = PBXGroup;
			children = (
				33AB9B69296A54C400E74C31 /* BluetoothCheckLauncher */,
				33C97F432969854700B4DFF0 /* Products */,
				33C97F442969854700B4DFF0 /* BluetoothCheck */,
				33AB9B78296A557400E74C31 /* Frameworks */,
			);
			sourceTree = "<group>";
		};
		33C97F432969854700B4DFF0 /* Products */ = {
			isa = PBXGroup;
			children = (
				33C97F422969854700B4DFF0 /* BluetoothCheck */,
				33AB9B68296A54C400E74C31 /* BluetoothCheckLauncher.app */,
			);
			name = Products;
			sourceTree = "<group>";
		};
		33C97F442969854700B4DFF0 /* BluetoothCheck */ = {
			isa = PBXGroup;
			children = (
				33C97F67296A189D00B4DFF0 /* BluetoothCheck.entitlements */,
				33C97F66296A174C00B4DFF0 /* Info.plist */,
				33C97F452969854700B4DFF0 /* main.swift */,
			);
			path = BluetoothCheck;
			sourceTree = "<group>";
		};
/* End PBXGroup section */

/* Begin PBXNativeTarget section */
		33AB9B67296A54C400E74C31 /* BluetoothCheckLauncher */ = {
			isa = PBXNativeTarget;
			buildConfigurationList = 33AB9B76296A54C500E74C31 /* Build configuration list for PBXNativeTarget "BluetoothCheckLauncher" */;
			buildPhases = (
				33AB9B64296A54C400E74C31 /* Sources */,
				33AB9B65296A54C400E74C31 /* Frameworks */,
				33AB9B66296A54C400E74C31 /* Resources */,
			);
			buildRules = (
			);
			dependencies = (
			);
			name = BluetoothCheckLauncher;
			packageProductDependencies = (
				33AB9B79296A557400E74C31 /* AsyncBluetooth */,
				33AB9B7B296A557400E74C31 /* AsyncTimeSequences */,
			);
			productName = BluetoothCheckLauncher;
			productReference = 33AB9B68296A54C400E74C31 /* BluetoothCheckLauncher.app */;
			productType = "com.apple.product-type.application";
		};
		33C97F412969854700B4DFF0 /* BluetoothCheck */ = {
			isa = PBXNativeTarget;
			buildConfigurationList = 33C97F492969854700B4DFF0 /* Build configuration list for PBXNativeTarget "BluetoothCheck" */;
			buildPhases = (
				33C97F3E2969854700B4DFF0 /* Sources */,
				33C97F3F2969854700B4DFF0 /* Frameworks */,
				33C97F402969854700B4DFF0 /* CopyFiles */,
			);
			buildRules = (
			);
			dependencies = (
			);
			name = BluetoothCheck;
			packageProductDependencies = (
				33C97F4D2969856B00B4DFF0 /* AsyncBluetooth */,
				33C97F5029698C7700B4DFF0 /* AsyncTimeSequences */,
			);
			productName = BluetoothCheck;
			productReference = 33C97F422969854700B4DFF0 /* BluetoothCheck */;
			productType = "com.apple.product-type.tool";
		};
/* End PBXNativeTarget section */

/* Begin PBXProject section */
		33C97F3A2969854700B4DFF0 /* Project object */ = {
			isa = PBXProject;
			attributes = {
				BuildIndependentTargetsInParallel = 1;
				LastSwiftUpdateCheck = 1420;
				LastUpgradeCheck = 1420;
				TargetAttributes = {
					33AB9B67296A54C400E74C31 = {
						CreatedOnToolsVersion = 14.2;
					};
					33C97F412969854700B4DFF0 = {
						CreatedOnToolsVersion = 14.2;
					};
				};
			};
			buildConfigurationList = 33C97F3D2969854700B4DFF0 /* Build configuration list for PBXProject "BluetoothCheck" */;
			compatibilityVersion = "Xcode 14.0";
			developmentRegion = en;
			hasScannedForEncodings = 0;
			knownRegions = (
				en,
				Base,
			);
			mainGroup = 33C97F392969854700B4DFF0;
			packageReferences = (
				33C97F4C2969856B00B4DFF0 /* XCRemoteSwiftPackageReference "AsyncBluetooth" */,
				33C97F4F29698C7700B4DFF0 /* XCRemoteSwiftPackageReference "AsyncTimeSequences" */,
			);
			productRefGroup = 33C97F432969854700B4DFF0 /* Products */;
			projectDirPath = "";
			projectRoot = "";
			targets = (
				33C97F412969854700B4DFF0 /* BluetoothCheck */,
				33AB9B67296A54C400E74C31 /* BluetoothCheckLauncher */,
			);
		};
/* End PBXProject section */

/* Begin PBXResourcesBuildPhase section */
		33AB9B66296A54C400E74C31 /* Resources */ = {
			isa = PBXResourcesBuildPhase;
			buildActionMask = 2147483647;
			files = (
			);
			runOnlyForDeploymentPostprocessing = 0;
		};
/* End PBXResourcesBuildPhase section */

/* Begin PBXSourcesBuildPhase section */
		33AB9B64296A54C400E74C31 /* Sources */ = {
			isa = PBXSourcesBuildPhase;
			buildActionMask = 2147483647;
			files = (
				33AB9B77296A555800E74C31 /* main.swift in Sources */,
			);
			runOnlyForDeploymentPostprocessing = 0;
		};
		33C97F3E2969854700B4DFF0 /* Sources */ = {
			isa = PBXSourcesBuildPhase;
			buildActionMask = 2147483647;
			files = (
				33C97F462969854700B4DFF0 /* main.swift in Sources */,
			);
			runOnlyForDeploymentPostprocessing = 0;
		};
/* End PBXSourcesBuildPhase section */

/* Begin XCBuildConfiguration section */
		33AB9B74296A54C500E74C31 /* Debug */ = {
			isa = XCBuildConfiguration;
			buildSettings = {
				ALWAYS_SEARCH_USER_PATHS = NO;
				ASSETCATALOG_COMPILER_APPICON_NAME = AppIcon;
				ASSETCATALOG_COMPILER_GLOBAL_ACCENT_COLOR_NAME = AccentColor;
				CODE_SIGN_ENTITLEMENTS = BluetoothCheck/BluetoothCheck.entitlements;
				COMBINE_HIDPI_IMAGES = YES;
				ENABLE_HARDENED_RUNTIME = YES;
				GENERATE_INFOPLIST_FILE = YES;
				INFOPLIST_KEY_NSBluetoothAlwaysUsageDescription = "To check if Bluetooth device is in range";
				INFOPLIST_KEY_NSPrincipalClass = NSApplication;
				LD_RUNPATH_SEARCH_PATHS = (
					"$(inherited)",
					"@executable_path/../Frameworks",
				);
				PRODUCT_BUNDLE_IDENTIFIER = io.github.paulz.BluetoothCheckLauncher;
				PRODUCT_NAME = "$(TARGET_NAME)";
				SWIFT_EMIT_LOC_STRINGS = YES;
			};
			name = Debug;
		};
		33AB9B75296A54C500E74C31 /* Release */ = {
			isa = XCBuildConfiguration;
			buildSettings = {
				ALWAYS_SEARCH_USER_PATHS = NO;
				ASSETCATALOG_COMPILER_APPICON_NAME = AppIcon;
				ASSETCATALOG_COMPILER_GLOBAL_ACCENT_COLOR_NAME = AccentColor;
				CODE_SIGN_ENTITLEMENTS = BluetoothCheck/BluetoothCheck.entitlements;
				COMBINE_HIDPI_IMAGES = YES;
				COPY_PHASE_STRIP = NO;
				ENABLE_HARDENED_RUNTIME = YES;
				GENERATE_INFOPLIST_FILE = YES;
				INFOPLIST_KEY_NSBluetoothAlwaysUsageDescription = "To check if Bluetooth device is in range";
				INFOPLIST_KEY_NSPrincipalClass = NSApplication;
				LD_RUNPATH_SEARCH_PATHS = (
					"$(inherited)",
					"@executable_path/../Frameworks",
				);
				PRODUCT_BUNDLE_IDENTIFIER = io.github.paulz.BluetoothCheckLauncher;
				PRODUCT_NAME = "$(TARGET_NAME)";
				SWIFT_EMIT_LOC_STRINGS = YES;
			};
			name = Release;
		};
		33C97F472969854700B4DFF0 /* Debug */ = {
			isa = XCBuildConfiguration;
			buildSettings = {
				CLANG_ANALYZER_NONNULL = YES;
				CLANG_ANALYZER_NUMBER_OBJECT_CONVERSION = YES_AGGRESSIVE;
				CLANG_ENABLE_MODULES = YES;
				CLANG_ENABLE_OBJC_ARC = YES;
				CLANG_ENABLE_OBJC_WEAK = YES;
				CLANG_WARN_BLOCK_CAPTURE_AUTORELEASING = YES;
				CLANG_WARN_BOOL_CONVERSION = YES;
				CLANG_WARN_COMMA = YES;
				CLANG_WARN_CONSTANT_CONVERSION = YES;
				CLANG_WARN_DEPRECATED_OBJC_IMPLEMENTATIONS = YES;
				CLANG_WARN_DIRECT_OBJC_ISA_USAGE = YES_ERROR;
				CLANG_WARN_DOCUMENTATION_COMMENTS = YES;
				CLANG_WARN_EMPTY_BODY = YES;
				CLANG_WARN_ENUM_CONVERSION = YES;
				CLANG_WARN_INFINITE_RECURSION = YES;
				CLANG_WARN_INT_CONVERSION = YES;
				CLANG_WARN_NON_LITERAL_NULL_CONVERSION = YES;
				CLANG_WARN_OBJC_IMPLICIT_RETAIN_SELF = YES;
				CLANG_WARN_OBJC_LITERAL_CONVERSION = YES;
				CLANG_WARN_OBJC_ROOT_CLASS = YES_ERROR;
				CLANG_WARN_QUOTED_INCLUDE_IN_FRAMEWORK_HEADER = YES;
				CLANG_WARN_RANGE_LOOP_ANALYSIS = YES;
				CLANG_WARN_STRICT_PROTOTYPES = YES;
				CLANG_WARN_SUSPICIOUS_MOVE = YES;
				CLANG_WARN_UNGUARDED_AVAILABILITY = YES_AGGRESSIVE;
				CLANG_WARN_UNREACHABLE_CODE = YES;
				CLANG_WARN__DUPLICATE_METHOD_MATCH = YES;
				"CODE_SIGN_IDENTITY[sdk=macosx*]" = "Apple Development";
				CODE_SIGN_STYLE = Automatic;
				COPY_PHASE_STRIP = NO;
				CURRENT_PROJECT_VERSION = 1;
				DEBUG_INFORMATION_FORMAT = dwarf;
				DEVELOPMENT_TEAM = PFWCB5F4UQ;
				ENABLE_STRICT_OBJC_MSGSEND = YES;
				ENABLE_TESTABILITY = YES;
				GCC_NO_COMMON_BLOCKS = YES;
				GCC_OPTIMIZATION_LEVEL = 0;
				GCC_PREPROCESSOR_DEFINITIONS = (
					"DEBUG=1",
					"$(inherited)",
				);
				GCC_WARN_64_TO_32_BIT_CONVERSION = YES;
				GCC_WARN_ABOUT_RETURN_TYPE = YES_ERROR;
				GCC_WARN_UNDECLARED_SELECTOR = YES;
				GCC_WARN_UNINITIALIZED_AUTOS = YES_AGGRESSIVE;
				GCC_WARN_UNUSED_FUNCTION = YES;
				GCC_WARN_UNUSED_VARIABLE = YES;
				MACOSX_DEPLOYMENT_TARGET = 12.0;
				MARKETING_VERSION = 1.0;
				ONLY_ACTIVE_ARCH = YES;
				SDKROOT = macosx;
				SWIFT_ACTIVE_COMPILATION_CONDITIONS = DEBUG;
				SWIFT_OPTIMIZATION_LEVEL = "-Onone";
				SWIFT_VERSION = 5.0;
			};
			name = Debug;
		};
		33C97F482969854700B4DFF0 /* Release */ = {
			isa = XCBuildConfiguration;
			buildSettings = {
				CLANG_ANALYZER_NONNULL = YES;
				CLANG_ANALYZER_NUMBER_OBJECT_CONVERSION = YES_AGGRESSIVE;
				CLANG_ENABLE_MODULES = YES;
				CLANG_ENABLE_OBJC_ARC = YES;
				CLANG_ENABLE_OBJC_WEAK = YES;
				CLANG_WARN_BLOCK_CAPTURE_AUTORELEASING = YES;
				CLANG_WARN_BOOL_CONVERSION = YES;
				CLANG_WARN_COMMA = YES;
				CLANG_WARN_CONSTANT_CONVERSION = YES;
				CLANG_WARN_DEPRECATED_OBJC_IMPLEMENTATIONS = YES;
				CLANG_WARN_DIRECT_OBJC_ISA_USAGE = YES_ERROR;
				CLANG_WARN_DOCUMENTATION_COMMENTS = YES;
				CLANG_WARN_EMPTY_BODY = YES;
				CLANG_WARN_ENUM_CONVERSION = YES;
				CLANG_WARN_INFINITE_RECURSION = YES;
				CLANG_WARN_INT_CONVERSION = YES;
				CLANG_WARN_NON_LITERAL_NULL_CONVERSION = YES;
				CLANG_WARN_OBJC_IMPLICIT_RETAIN_SELF = YES;
				CLANG_WARN_OBJC_LITERAL_CONVERSION = YES;
				CLANG_WARN_OBJC_ROOT_CLASS = YES_ERROR;
				CLANG_WARN_QUOTED_INCLUDE_IN_FRAMEWORK_HEADER = YES;
				CLANG_WARN_RANGE_LOOP_ANALYSIS = YES;
				CLANG_WARN_STRICT_PROTOTYPES = YES;
				CLANG_WARN_SUSPICIOUS_MOVE = YES;
				CLANG_WARN_UNGUARDED_AVAILABILITY = YES_AGGRESSIVE;
				CLANG_WARN_UNREACHABLE_CODE = YES;
				CLANG_WARN__DUPLICATE_METHOD_MATCH = YES;
				"CODE_SIGN_IDENTITY[sdk=macosx*]" = "Apple Development";
				CODE_SIGN_STYLE = Automatic;
				COPY_PHASE_STRIP = YES;
				CURRENT_PROJECT_VERSION = 1;
				DEBUG_INFORMATION_FORMAT = "dwarf-with-dsym";
				DEVELOPMENT_TEAM = PFWCB5F4UQ;
				ENABLE_NS_ASSERTIONS = NO;
				ENABLE_STRICT_OBJC_MSGSEND = YES;
				GCC_NO_COMMON_BLOCKS = YES;
				GCC_WARN_64_TO_32_BIT_CONVERSION = YES;
				GCC_WARN_ABOUT_RETURN_TYPE = YES_ERROR;
				GCC_WARN_UNDECLARED_SELECTOR = YES;
				GCC_WARN_UNINITIALIZED_AUTOS = YES_AGGRESSIVE;
				GCC_WARN_UNUSED_FUNCTION = YES;
				GCC_WARN_UNUSED_VARIABLE = YES;
				MACOSX_DEPLOYMENT_TARGET = 12.0;
				MARKETING_VERSION = 1.0;
				SDKROOT = macosx;
				SWIFT_COMPILATION_MODE = wholemodule;
				SWIFT_OPTIMIZATION_LEVEL = "-O";
				SWIFT_VERSION = 5.0;
			};
			name = Release;
		};
		33C97F4A2969854700B4DFF0 /* Debug */ = {
			isa = XCBuildConfiguration;
			buildSettings = {
				CODE_SIGN_ENTITLEMENTS = BluetoothCheck/BluetoothCheck.entitlements;
				CREATE_INFOPLIST_SECTION_IN_BINARY = YES;
				ENABLE_HARDENED_RUNTIME = YES;
				INFOPLIST_FILE = "$(SRCROOT)/Info.plist";
				PRODUCT_BUNDLE_IDENTIFIER = io.github.paulz.BluetoothCheck;
				PRODUCT_NAME = "$(TARGET_NAME)";
			};
			name = Debug;
		};
		33C97F4B2969854700B4DFF0 /* Release */ = {
			isa = XCBuildConfiguration;
			buildSettings = {
				CODE_SIGN_ENTITLEMENTS = BluetoothCheck/BluetoothCheck.entitlements;
				CREATE_INFOPLIST_SECTION_IN_BINARY = YES;
				ENABLE_HARDENED_RUNTIME = YES;
				INFOPLIST_FILE = "$(SRCROOT)/Info.plist";
				PRODUCT_BUNDLE_IDENTIFIER = io.github.paulz.BluetoothCheck;
				PRODUCT_NAME = "$(TARGET_NAME)";
			};
			name = Release;
		};
/* End XCBuildConfiguration section */

/* Begin XCConfigurationList section */
		33AB9B76296A54C500E74C31 /* Build configuration list for PBXNativeTarget "BluetoothCheckLauncher" */ = {
			isa = XCConfigurationList;
			buildConfigurations = (
				33AB9B74296A54C500E74C31 /* Debug */,
				33AB9B75296A54C500E74C31 /* Release */,
			);
			defaultConfigurationIsVisible = 0;
			defaultConfigurationName = Release;
		};
		33C97F3D2969854700B4DFF0 /* Build configuration list for PBXProject "BluetoothCheck" */ = {
			isa = XCConfigurationList;
			buildConfigurations = (
				33C97F472969854700B4DFF0 /* Debug */,
				33C97F482969854700B4DFF0 /* Release */,
			);
			defaultConfigurationIsVisible = 0;
			defaultConfigurationName = Release;
		};
		33C97F492969854700B4DFF0 /* Build configuration list for PBXNativeTarget "BluetoothCheck" */ = {
			isa = XCConfigurationList;
			buildConfigurations = (
				33C97F4A2969854700B4DFF0 /* Debug */,
				33C97F4B2969854700B4DFF0 /* Release */,
			);
			defaultConfigurationIsVisible = 0;
			defaultConfigurationName = Release;
		};
/* End XCConfigurationList section */

/* Begin XCRemoteSwiftPackageReference section */
		33C97F4C2969856B00B4DFF0 /* XCRemoteSwiftPackageReference "AsyncBluetooth" */ = {
			isa = XCRemoteSwiftPackageReference;
			repositoryURL = "https://github.com/manolofdez/AsyncBluetooth";
			requirement = {
				kind = upToNextMajorVersion;
				minimumVersion = 1.0.0;
			};
		};
		33C97F4F29698C7700B4DFF0 /* XCRemoteSwiftPackageReference "AsyncTimeSequences" */ = {
			isa = XCRemoteSwiftPackageReference;
			repositoryURL = "https://github.com/Henryforce/AsyncTimeSequences";
			requirement = {
				branch = main;
				kind = branch;
			};
		};
/* End XCRemoteSwiftPackageReference section */

/* Begin XCSwiftPackageProductDependency section */
		33AB9B79296A557400E74C31 /* AsyncBluetooth */ = {
			isa = XCSwiftPackageProductDependency;
			package = 33C97F4C2969856B00B4DFF0 /* XCRemoteSwiftPackageReference "AsyncBluetooth" */;
			productName = AsyncBluetooth;
		};
		33AB9B7B296A557400E74C31 /* AsyncTimeSequences */ = {
			isa = XCSwiftPackageProductDependency;
			package = 33C97F4F29698C7700B4DFF0 /* XCRemoteSwiftPackageReference "AsyncTimeSequences" */;
			productName = AsyncTimeSequences;
		};
		33C97F4D2969856B00B4DFF0 /* AsyncBluetooth */ = {
			isa = XCSwiftPackageProductDependency;
			package = 33C97F4C2969856B00B4DFF0 /* XCRemoteSwiftPackageReference "AsyncBluetooth" */;
			productName = AsyncBluetooth;
		};
		33C97F5029698C7700B4DFF0 /* AsyncTimeSequences */ = {
			isa = XCSwiftPackageProductDependency;
			package = 33C97F4F29698C7700B4DFF0 /* XCRemoteSwiftPackageReference "AsyncTimeSequences" */;
			productName = AsyncTimeSequences;
		};
/* End XCSwiftPackageProductDependency section */
	};
	rootObject = 33C97F3A2969854700B4DFF0 /* Project object */;
}
